github.com/NurcholisAR/go-module-say-hello v1.0.0 h1:AG/QJLTBuXA2MkldL6owgB+qEnxKeWPkuY1+76GgP+U=
github.com/NurcholisAR/go-module-say-hello v1.0.0/go.mod h1:Iajt9ktGG2jggsqUYyDO/qAvQprdEPIlAUYKH0aBtB0=
github.com/NurcholisAR/go-module-say-hello v1.1.0 h1:d0GcGcebkDV6WFM0AHuQdzgwENHsk/I584mqnGFtObs=
github.com/NurcholisAR/go-module-say-hello v1.1.0/go.mod h1:Iajt9ktGG2jggsqUYyDO/qAvQprdEPIlAUYKH0aBtB0=
github.com/NurcholisAR/go-module-say-hello/v2 v2.0.0 h1:oR8+8ESuiMhubYkxttakf62PyPH1P1PY7q4jO0xB9uM=
github.com/NurcholisAR/go-module-say-hello/v2 v2.0.0/go.mod h1:xi2omNsDI/OMRzqOm6Yc/1cggGD0LBTm1A9Yr006MwI=
